
Microsoft Visual Studio Solution File, Format Version 12.00
# Visual Studio 15
VisualStudioVersion = 15.0.28307.106
MinimumVisualStudioVersion = 10.0.40219.1
Project("{8BC9CEB8-8B4A-11D0-8D11-00A0C91BC942}") = "renderer1", "renderer1\renderer1.vcxproj", "{7A3C9058-3F9E-455C-B4EB-FC62F706A492}"
EndProject
Global
	GlobalSection(SolutionConfigurationPlatforms) = preSolution
		Debug|x64 = Debug|x64
		Debug|x86 = Debug|x86
		Release|x64 = Release|x64
		Release|x86 = Release|x86
	EndGlobalSection
	GlobalSection(ProjectConfigurationPlatforms) = postSolution
		{7A3C9058-3F9E-455C-B4EB-FC62F706A492}.Debug|x64.ActiveCfg = Debug|x64
		{7A3C9058-3F9E-455C-B4EB-FC62F706A492}.Debug|x64.Build.0 = Debug|x64
		{7A3C9058-3F9E-455C-B4EB-FC62F706A492}.Debug|x86.ActiveCfg = Debug|Win32
		{7A3C9058-3F9E-455C-B4EB-FC62F706A492}.Debug|x86.Build.0 = Debug|Win32
		{7A3C9058-3F9E-455C-B4EB-FC62F706A492}.Release|x64.ActiveCfg = Release|x64
		{7A3C9058-3F9E-455C-B4EB-FC62F706A492}.Release|x64.Build.0 = Release|x64
		{7A3C9058-3F9E-455C-B4EB-FC62F706A492}.Release|x86.ActiveCfg = Release|Win32
		{7A3C9058-3F9E-455C-B4EB-FC62F706A492}.Release|x86.Build.0 = Release|Win32
	EndGlobalSection
	GlobalSection(SolutionProperties) = preSolution
		HideSolutionNode = FALSE
	EndGlobalSection
	GlobalSection(ExtensibilityGlobals) = postSolution
		SolutionGuid = {EF5D4A8D-2E41-4DE3-B576-295304C87F8E}
	EndGlobalSection
EndGlobal
